
Microsoft Visual Studio Solution File, Format Version 12.00
# Visual Studio Version 16
VisualStudioVersion = 16.0.30002.166
MinimumVisualStudioVersion = 10.0.40219.1
Project("{9A19103F-16F7-4668-BE54-9A1E7A4F7556}") = "Api.Profile", "ProfileAPI\Api.Profile.csproj", "{D7DB17FF-3AE1-4705-87E3-A07345AF586C}"
EndProject
Project("{2150E333-8FDC-42A3-9474-1A3956D46DE8}") = "src", "src", "{A14D487A-6E8E-4CBB-8A91-59E9394DE770}"
EndProject
Project("{2150E333-8FDC-42A3-9474-1A3956D46DE8}") = "test", "test", "{3370D130-9FA6-4279-A940-3C583E1CB3EF}"
EndProject
Project("{2150E333-8FDC-42A3-9474-1A3956D46DE8}") = "Business", "Business", "{97D9B397-FCD0-45D9-B9F9-62B6BBCE020D}"
EndProject
Project("{2150E333-8FDC-42A3-9474-1A3956D46DE8}") = "Services", "Services", "{6F1F5AFE-EE19-48C9-A1D2-3BDAE115BB4C}"
EndProject
Project("{2150E333-8FDC-42A3-9474-1A3956D46DE8}") = "Repositories", "Repositories", "{DFB0B086-84E9-46ED-839B-FE135694F076}"
EndProject
Project("{2150E333-8FDC-42A3-9474-1A3956D46DE8}") = "Models", "Models", "{A6F2F6F2-F4D0-4A52-8056-D36B9898E52D}"
EndProject
Project("{9A19103F-16F7-4668-BE54-9A1E7A4F7556}") = "Api.Profile.MSUnit.Test", "Api.Profile.MSUnit.Test\Api.Profile.MSUnit.Test.csproj", "{2E660512-0706-4938-B636-E075D35679D9}"
EndProject
Project("{9A19103F-16F7-4668-BE54-9A1E7A4F7556}") = "Business.Profile", "Business.Profile\Business.Profile.csproj", "{BF1A0BA9-8CA7-4331-BB1E-84DA58CC48C9}"
EndProject
Project("{9A19103F-16F7-4668-BE54-9A1E7A4F7556}") = "Data.Profile", "Data.Profile\Data.Profile.csproj", "{E5D8D1F7-AEF6-4259-982A-955854484C27}"
EndProject
Project("{9A19103F-16F7-4668-BE54-9A1E7A4F7556}") = "Models.Profile.Dto", "Models.Dto\Models.Profile.Dto.csproj", "{FE659D6C-4C39-4963-8533-1CD017FEA7D1}"
EndProject
Project("{9A19103F-16F7-4668-BE54-9A1E7A4F7556}") = "Models.Profile.Data", "Models.Profile.Data\Models.Profile.Data.csproj", "{2556931C-66B3-40DE-8322-6528DAE02D1A}"
EndProject
Project("{9A19103F-16F7-4668-BE54-9A1E7A4F7556}") = "Business.Profile.MSUnit.Test", "Business.Profile.MSUnit.Test\Business.Profile.MSUnit.Test.csproj", "{B901EDD8-F159-4EC0-8DC1-4547079FA7A9}"
EndProject
Project("{9A19103F-16F7-4668-BE54-9A1E7A4F7556}") = "Service.Profile", "Service.Profile\Service.Profile.csproj", "{064BCC05-72AB-45D6-8D82-CE69E3A83BAE}"
EndProject
Global
	GlobalSection(SolutionConfigurationPlatforms) = preSolution
		Debug|Any CPU = Debug|Any CPU
		Release|Any CPU = Release|Any CPU
	EndGlobalSection
	GlobalSection(ProjectConfigurationPlatforms) = postSolution
		{D7DB17FF-3AE1-4705-87E3-A07345AF586C}.Debug|Any CPU.ActiveCfg = Debug|Any CPU
		{D7DB17FF-3AE1-4705-87E3-A07345AF586C}.Debug|Any CPU.Build.0 = Debug|Any CPU
		{D7DB17FF-3AE1-4705-87E3-A07345AF586C}.Release|Any CPU.ActiveCfg = Release|Any CPU
		{D7DB17FF-3AE1-4705-87E3-A07345AF586C}.Release|Any CPU.Build.0 = Release|Any CPU
		{2E660512-0706-4938-B636-E075D35679D9}.Debug|Any CPU.ActiveCfg = Debug|Any CPU
		{2E660512-0706-4938-B636-E075D35679D9}.Debug|Any CPU.Build.0 = Debug|Any CPU
		{2E660512-0706-4938-B636-E075D35679D9}.Release|Any CPU.ActiveCfg = Release|Any CPU
		{2E660512-0706-4938-B636-E075D35679D9}.Release|Any CPU.Build.0 = Release|Any CPU
		{BF1A0BA9-8CA7-4331-BB1E-84DA58CC48C9}.Debug|Any CPU.ActiveCfg = Debug|Any CPU
		{BF1A0BA9-8CA7-4331-BB1E-84DA58CC48C9}.Debug|Any CPU.Build.0 = Debug|Any CPU
		{BF1A0BA9-8CA7-4331-BB1E-84DA58CC48C9}.Release|Any CPU.ActiveCfg = Release|Any CPU
		{BF1A0BA9-8CA7-4331-BB1E-84DA58CC48C9}.Release|Any CPU.Build.0 = Release|Any CPU
		{E5D8D1F7-AEF6-4259-982A-955854484C27}.Debug|Any CPU.ActiveCfg = Debug|Any CPU
		{E5D8D1F7-AEF6-4259-982A-955854484C27}.Debug|Any CPU.Build.0 = Debug|Any CPU
		{E5D8D1F7-AEF6-4259-982A-955854484C27}.Release|Any CPU.ActiveCfg = Release|Any CPU
		{E5D8D1F7-AEF6-4259-982A-955854484C27}.Release|Any CPU.Build.0 = Release|Any CPU
		{FE659D6C-4C39-4963-8533-1CD017FEA7D1}.Debug|Any CPU.ActiveCfg = Debug|Any CPU
		{FE659D6C-4C39-4963-8533-1CD017FEA7D1}.Debug|Any CPU.Build.0 = Debug|Any CPU
		{FE659D6C-4C39-4963-8533-1CD017FEA7D1}.Release|Any CPU.ActiveCfg = Release|Any CPU
		{FE659D6C-4C39-4963-8533-1CD017FEA7D1}.Release|Any CPU.Build.0 = Release|Any CPU
		{2556931C-66B3-40DE-8322-6528DAE02D1A}.Debug|Any CPU.ActiveCfg = Debug|Any CPU
		{2556931C-66B3-40DE-8322-6528DAE02D1A}.Debug|Any CPU.Build.0 = Debug|Any CPU
		{2556931C-66B3-40DE-8322-6528DAE02D1A}.Release|Any CPU.ActiveCfg = Release|Any CPU
		{2556931C-66B3-40DE-8322-6528DAE02D1A}.Release|Any CPU.Build.0 = Release|Any CPU
		{B901EDD8-F159-4EC0-8DC1-4547079FA7A9}.Debug|Any CPU.ActiveCfg = Debug|Any CPU
		{B901EDD8-F159-4EC0-8DC1-4547079FA7A9}.Debug|Any CPU.Build.0 = Debug|Any CPU
		{B901EDD8-F159-4EC0-8DC1-4547079FA7A9}.Release|Any CPU.ActiveCfg = Release|Any CPU
		{B901EDD8-F159-4EC0-8DC1-4547079FA7A9}.Release|Any CPU.Build.0 = Release|Any CPU
		{064BCC05-72AB-45D6-8D82-CE69E3A83BAE}.Debug|Any CPU.ActiveCfg = Debug|Any CPU
		{064BCC05-72AB-45D6-8D82-CE69E3A83BAE}.Debug|Any CPU.Build.0 = Debug|Any CPU
		{064BCC05-72AB-45D6-8D82-CE69E3A83BAE}.Release|Any CPU.ActiveCfg = Release|Any CPU
		{064BCC05-72AB-45D6-8D82-CE69E3A83BAE}.Release|Any CPU.Build.0 = Release|Any CPU
	EndGlobalSection
	GlobalSection(SolutionProperties) = preSolution
		HideSolutionNode = FALSE
	EndGlobalSection
	GlobalSection(NestedProjects) = preSolution
		{D7DB17FF-3AE1-4705-87E3-A07345AF586C} = {6F1F5AFE-EE19-48C9-A1D2-3BDAE115BB4C}
		{97D9B397-FCD0-45D9-B9F9-62B6BBCE020D} = {A14D487A-6E8E-4CBB-8A91-59E9394DE770}
		{6F1F5AFE-EE19-48C9-A1D2-3BDAE115BB4C} = {A14D487A-6E8E-4CBB-8A91-59E9394DE770}
		{DFB0B086-84E9-46ED-839B-FE135694F076} = {A14D487A-6E8E-4CBB-8A91-59E9394DE770}
		{A6F2F6F2-F4D0-4A52-8056-D36B9898E52D} = {A14D487A-6E8E-4CBB-8A91-59E9394DE770}
		{2E660512-0706-4938-B636-E075D35679D9} = {3370D130-9FA6-4279-A940-3C583E1CB3EF}
		{BF1A0BA9-8CA7-4331-BB1E-84DA58CC48C9} = {97D9B397-FCD0-45D9-B9F9-62B6BBCE020D}
		{E5D8D1F7-AEF6-4259-982A-955854484C27} = {DFB0B086-84E9-46ED-839B-FE135694F076}
		{FE659D6C-4C39-4963-8533-1CD017FEA7D1} = {A6F2F6F2-F4D0-4A52-8056-D36B9898E52D}
		{2556931C-66B3-40DE-8322-6528DAE02D1A} = {A6F2F6F2-F4D0-4A52-8056-D36B9898E52D}
		{B901EDD8-F159-4EC0-8DC1-4547079FA7A9} = {3370D130-9FA6-4279-A940-3C583E1CB3EF}
		{064BCC05-72AB-45D6-8D82-CE69E3A83BAE} = {97D9B397-FCD0-45D9-B9F9-62B6BBCE020D}
	EndGlobalSection
	GlobalSection(ExtensibilityGlobals) = postSolution
		SolutionGuid = {1696E896-34B5-426D-89CA-4AD445CECB51}
	EndGlobalSection
EndGlobal
